
Microsoft Visual Studio Solution File, Format Version 12.00
# Visual Studio 15
VisualStudioVersion = 15.0.28307.705
MinimumVisualStudioVersion = 10.0.40219.1
Project("{FAE04EC0-301F-11D3-BF4B-00C04F79EFBC}") = "DPDecorator", "DPDecorator\DPDecorator.csproj", "{5816ABC1-955A-430B-BEE3-B55CF0BCD0B4}"
EndProject
Project("{FAE04EC0-301F-11D3-BF4B-00C04F79EFBC}") = "IEnumerableImpl", "IEnumerableImpl\IEnumerableImpl.csproj", "{C43F0631-0F81-41A0-8BA3-A37A1919AEF4}"
EndProject
Project("{FAE04EC0-301F-11D3-BF4B-00C04F79EFBC}") = "IComparableImpl", "IComparableImpl\IComparableImpl.csproj", "{A3826FDC-BC5A-42DE-B1D1-39BF3C62287B}"
EndProject
Project("{FAE04EC0-301F-11D3-BF4B-00C04F79EFBC}") = "Indexer", "Indexer\Indexer.csproj", "{7EFC5B6F-8CCD-4A53-8D25-21D124B6897D}"
EndProject
Project("{FAE04EC0-301F-11D3-BF4B-00C04F79EFBC}") = "DPObserver", "DPObserver\DPObserver.csproj", "{0A23D2BB-5409-415E-9849-04890E794B43}"
EndProject
Project("{FAE04EC0-301F-11D3-BF4B-00C04F79EFBC}") = "DPStrategy", "DPStrategy\DPStrategy.csproj", "{8F0DDE7C-8AF8-4CE7-96C4-F56D612C8E99}"
EndProject
Project("{FAE04EC0-301F-11D3-BF4B-00C04F79EFBC}") = "OperatorOverloading", "OperatorOverloading\OperatorOverloading.csproj", "{2DA5B9F2-FD9D-4C6A-A786-D1AC0911DBAF}"
EndProject
Project("{FAE04EC0-301F-11D3-BF4B-00C04F79EFBC}") = "HR_Solution", "HR_Solution\HR_Solution.csproj", "{E1CC0F18-BC72-457C-A310-EEE7D6A55010}"
EndProject
Global
	GlobalSection(SolutionConfigurationPlatforms) = preSolution
		Debug|Any CPU = Debug|Any CPU
		Release|Any CPU = Release|Any CPU
	EndGlobalSection
	GlobalSection(ProjectConfigurationPlatforms) = postSolution
		{5816ABC1-955A-430B-BEE3-B55CF0BCD0B4}.Debug|Any CPU.ActiveCfg = Debug|Any CPU
		{5816ABC1-955A-430B-BEE3-B55CF0BCD0B4}.Debug|Any CPU.Build.0 = Debug|Any CPU
		{5816ABC1-955A-430B-BEE3-B55CF0BCD0B4}.Release|Any CPU.ActiveCfg = Release|Any CPU
		{5816ABC1-955A-430B-BEE3-B55CF0BCD0B4}.Release|Any CPU.Build.0 = Release|Any CPU
		{C43F0631-0F81-41A0-8BA3-A37A1919AEF4}.Debug|Any CPU.ActiveCfg = Debug|Any CPU
		{C43F0631-0F81-41A0-8BA3-A37A1919AEF4}.Debug|Any CPU.Build.0 = Debug|Any CPU
		{C43F0631-0F81-41A0-8BA3-A37A1919AEF4}.Release|Any CPU.ActiveCfg = Release|Any CPU
		{C43F0631-0F81-41A0-8BA3-A37A1919AEF4}.Release|Any CPU.Build.0 = Release|Any CPU
		{A3826FDC-BC5A-42DE-B1D1-39BF3C62287B}.Debug|Any CPU.ActiveCfg = Debug|Any CPU
		{A3826FDC-BC5A-42DE-B1D1-39BF3C62287B}.Debug|Any CPU.Build.0 = Debug|Any CPU
		{A3826FDC-BC5A-42DE-B1D1-39BF3C62287B}.Release|Any CPU.ActiveCfg = Release|Any CPU
		{A3826FDC-BC5A-42DE-B1D1-39BF3C62287B}.Release|Any CPU.Build.0 = Release|Any CPU
		{7EFC5B6F-8CCD-4A53-8D25-21D124B6897D}.Debug|Any CPU.ActiveCfg = Debug|Any CPU
		{7EFC5B6F-8CCD-4A53-8D25-21D124B6897D}.Debug|Any CPU.Build.0 = Debug|Any CPU
		{7EFC5B6F-8CCD-4A53-8D25-21D124B6897D}.Release|Any CPU.ActiveCfg = Release|Any CPU
		{7EFC5B6F-8CCD-4A53-8D25-21D124B6897D}.Release|Any CPU.Build.0 = Release|Any CPU
		{0A23D2BB-5409-415E-9849-04890E794B43}.Debug|Any CPU.ActiveCfg = Debug|Any CPU
		{0A23D2BB-5409-415E-9849-04890E794B43}.Debug|Any CPU.Build.0 = Debug|Any CPU
		{0A23D2BB-5409-415E-9849-04890E794B43}.Release|Any CPU.ActiveCfg = Release|Any CPU
		{0A23D2BB-5409-415E-9849-04890E794B43}.Release|Any CPU.Build.0 = Release|Any CPU
		{8F0DDE7C-8AF8-4CE7-96C4-F56D612C8E99}.Debug|Any CPU.ActiveCfg = Debug|Any CPU
		{8F0DDE7C-8AF8-4CE7-96C4-F56D612C8E99}.Debug|Any CPU.Build.0 = Debug|Any CPU
		{8F0DDE7C-8AF8-4CE7-96C4-F56D612C8E99}.Release|Any CPU.ActiveCfg = Release|Any CPU
		{8F0DDE7C-8AF8-4CE7-96C4-F56D612C8E99}.Release|Any CPU.Build.0 = Release|Any CPU
		{2DA5B9F2-FD9D-4C6A-A786-D1AC0911DBAF}.Debug|Any CPU.ActiveCfg = Debug|Any CPU
		{2DA5B9F2-FD9D-4C6A-A786-D1AC0911DBAF}.Debug|Any CPU.Build.0 = Debug|Any CPU
		{2DA5B9F2-FD9D-4C6A-A786-D1AC0911DBAF}.Release|Any CPU.ActiveCfg = Release|Any CPU
		{2DA5B9F2-FD9D-4C6A-A786-D1AC0911DBAF}.Release|Any CPU.Build.0 = Release|Any CPU
		{E1CC0F18-BC72-457C-A310-EEE7D6A55010}.Debug|Any CPU.ActiveCfg = Debug|Any CPU
		{E1CC0F18-BC72-457C-A310-EEE7D6A55010}.Debug|Any CPU.Build.0 = Debug|Any CPU
		{E1CC0F18-BC72-457C-A310-EEE7D6A55010}.Release|Any CPU.ActiveCfg = Release|Any CPU
		{E1CC0F18-BC72-457C-A310-EEE7D6A55010}.Release|Any CPU.Build.0 = Release|Any CPU
	EndGlobalSection
	GlobalSection(SolutionProperties) = preSolution
		HideSolutionNode = FALSE
	EndGlobalSection
	GlobalSection(ExtensibilityGlobals) = postSolution
		SolutionGuid = {293D5A52-1C39-456C-AD65-B95D0B569482}
	EndGlobalSection
EndGlobal
